
Microsoft Visual Studio Solution File, Format Version 12.00
# Visual Studio Version 17
VisualStudioVersion = 17.7.34024.191
MinimumVisualStudioVersion = 10.0.40219.1
Project("{9A19103F-16F7-4668-BE54-9A1E7A4F7556}") = "ClassTraining", "ClassTraining\ClassTraining.csproj", "{D58689D1-FAE7-4E8A-89F9-C0E8DAD2022C}"
EndProject
Project("{9A19103F-16F7-4668-BE54-9A1E7A4F7556}") = "WinFormsApp1", "WinFormsApp1\WinFormsApp1.csproj", "{87EA1E7E-FB69-4EA7-BB5D-C321DEF3A71E}"
EndProject
Project("{9A19103F-16F7-4668-BE54-9A1E7A4F7556}") = "Encapsulation", "Encapsulation\Encapsulation.csproj", "{2EC3E53A-53C4-40A5-AAB0-8B45E227E535}"
EndProject
Project("{9A19103F-16F7-4668-BE54-9A1E7A4F7556}") = "WinFormsApp2", "WinFormsApp2\WinFormsApp2.csproj", "{8AD286A9-8A06-417F-891A-4A2B3A779A7E}"
EndProject
Project("{9A19103F-16F7-4668-BE54-9A1E7A4F7556}") = "Inheritance", "Inheritance\Inheritance.csproj", "{C5612C79-BB22-495D-A70A-E778DFA780CE}"
EndProject
Project("{9A19103F-16F7-4668-BE54-9A1E7A4F7556}") = "InheritanceAnimal", "InheritanceAnimal\InheritanceAnimal.csproj", "{88EAB3DC-7C8A-417E-BF23-82FDEA5CF679}"
EndProject
Project("{9A19103F-16F7-4668-BE54-9A1E7A4F7556}") = "InheritancePersonel", "InheritancePersonel\InheritancePersonel.csproj", "{D5258B0F-04CC-473A-A9C5-C66DFBF31C50}"
EndProject
Project("{9A19103F-16F7-4668-BE54-9A1E7A4F7556}") = "Inheritance2", "Inheritance2\Inheritance2.csproj", "{260F9A65-2125-447C-A24E-B5EADF588F1D}"
EndProject
Project("{9A19103F-16F7-4668-BE54-9A1E7A4F7556}") = "Inheritance3", "Inheritance3\Inheritance3.csproj", "{E8FF7B22-7560-49D2-9289-66EFA762215A}"
EndProject
Project("{9A19103F-16F7-4668-BE54-9A1E7A4F7556}") = "WinFormsApp3", "WinFormsApp3\WinFormsApp3.csproj", "{F401BE02-B487-474F-A91A-55CD6674F5F0}"
EndProject
Project("{9A19103F-16F7-4668-BE54-9A1E7A4F7556}") = "WinFormsApp4", "WinFormsApp4\WinFormsApp4.csproj", "{48172B09-C01A-414D-894D-63EA97955FB9}"
EndProject
Project("{9A19103F-16F7-4668-BE54-9A1E7A4F7556}") = "DonerciProject", "DonerciProject\DonerciProject.csproj", "{8967054C-9311-4858-AB91-D3E52F672FDC}"
EndProject
Project("{9A19103F-16F7-4668-BE54-9A1E7A4F7556}") = "HayvanlarAlemi", "HayvanlarAlemi\HayvanlarAlemi.csproj", "{E3224D79-610B-4378-AD8C-9FD4F7FFCEAF}"
EndProject
Project("{9A19103F-16F7-4668-BE54-9A1E7A4F7556}") = "wfaSekillerDunyasi", "wfaSekillerDunyasi\wfaSekillerDunyasi.csproj", "{C39AF2B6-73E0-4B8A-A4E4-BBDDC0D0AE3D}"
EndProject
Project("{9A19103F-16F7-4668-BE54-9A1E7A4F7556}") = "StaticExample", "StaticExample\StaticExample.csproj", "{604A3BDC-2C1B-4E44-9B0E-F0F482D00A42}"
EndProject
Project("{FAE04EC0-301F-11D3-BF4B-00C04F79EFBC}") = "InterfaceAbstract", "InterfaceAbstract\InterfaceAbstract.csproj", "{0AE288F1-02AF-40F6-ABFD-1E9F84F51EDE}"
EndProject
Project("{FAE04EC0-301F-11D3-BF4B-00C04F79EFBC}") = "UcHayvanliInterfaceAbstact", "UcHayvanliInterfaceAbstact\UcHayvanliInterfaceAbstact.csproj", "{794558DC-DA68-45D1-9090-2C6E04CC4AFD}"
EndProject
Global
	GlobalSection(SolutionConfigurationPlatforms) = preSolution
		Debug|Any CPU = Debug|Any CPU
		Release|Any CPU = Release|Any CPU
	EndGlobalSection
	GlobalSection(ProjectConfigurationPlatforms) = postSolution
		{D58689D1-FAE7-4E8A-89F9-C0E8DAD2022C}.Debug|Any CPU.ActiveCfg = Debug|Any CPU
		{D58689D1-FAE7-4E8A-89F9-C0E8DAD2022C}.Debug|Any CPU.Build.0 = Debug|Any CPU
		{D58689D1-FAE7-4E8A-89F9-C0E8DAD2022C}.Release|Any CPU.ActiveCfg = Release|Any CPU
		{D58689D1-FAE7-4E8A-89F9-C0E8DAD2022C}.Release|Any CPU.Build.0 = Release|Any CPU
		{87EA1E7E-FB69-4EA7-BB5D-C321DEF3A71E}.Debug|Any CPU.ActiveCfg = Debug|Any CPU
		{87EA1E7E-FB69-4EA7-BB5D-C321DEF3A71E}.Debug|Any CPU.Build.0 = Debug|Any CPU
		{87EA1E7E-FB69-4EA7-BB5D-C321DEF3A71E}.Release|Any CPU.ActiveCfg = Release|Any CPU
		{87EA1E7E-FB69-4EA7-BB5D-C321DEF3A71E}.Release|Any CPU.Build.0 = Release|Any CPU
		{2EC3E53A-53C4-40A5-AAB0-8B45E227E535}.Debug|Any CPU.ActiveCfg = Debug|Any CPU
		{2EC3E53A-53C4-40A5-AAB0-8B45E227E535}.Debug|Any CPU.Build.0 = Debug|Any CPU
		{2EC3E53A-53C4-40A5-AAB0-8B45E227E535}.Release|Any CPU.ActiveCfg = Release|Any CPU
		{2EC3E53A-53C4-40A5-AAB0-8B45E227E535}.Release|Any CPU.Build.0 = Release|Any CPU
		{8AD286A9-8A06-417F-891A-4A2B3A779A7E}.Debug|Any CPU.ActiveCfg = Debug|Any CPU
		{8AD286A9-8A06-417F-891A-4A2B3A779A7E}.Debug|Any CPU.Build.0 = Debug|Any CPU
		{8AD286A9-8A06-417F-891A-4A2B3A779A7E}.Release|Any CPU.ActiveCfg = Release|Any CPU
		{8AD286A9-8A06-417F-891A-4A2B3A779A7E}.Release|Any CPU.Build.0 = Release|Any CPU
		{C5612C79-BB22-495D-A70A-E778DFA780CE}.Debug|Any CPU.ActiveCfg = Debug|Any CPU
		{C5612C79-BB22-495D-A70A-E778DFA780CE}.Debug|Any CPU.Build.0 = Debug|Any CPU
		{C5612C79-BB22-495D-A70A-E778DFA780CE}.Release|Any CPU.ActiveCfg = Release|Any CPU
		{C5612C79-BB22-495D-A70A-E778DFA780CE}.Release|Any CPU.Build.0 = Release|Any CPU
		{88EAB3DC-7C8A-417E-BF23-82FDEA5CF679}.Debug|Any CPU.ActiveCfg = Debug|Any CPU
		{88EAB3DC-7C8A-417E-BF23-82FDEA5CF679}.Debug|Any CPU.Build.0 = Debug|Any CPU
		{88EAB3DC-7C8A-417E-BF23-82FDEA5CF679}.Release|Any CPU.ActiveCfg = Release|Any CPU
		{88EAB3DC-7C8A-417E-BF23-82FDEA5CF679}.Release|Any CPU.Build.0 = Release|Any CPU
		{D5258B0F-04CC-473A-A9C5-C66DFBF31C50}.Debug|Any CPU.ActiveCfg = Debug|Any CPU
		{D5258B0F-04CC-473A-A9C5-C66DFBF31C50}.Debug|Any CPU.Build.0 = Debug|Any CPU
		{D5258B0F-04CC-473A-A9C5-C66DFBF31C50}.Release|Any CPU.ActiveCfg = Release|Any CPU
		{D5258B0F-04CC-473A-A9C5-C66DFBF31C50}.Release|Any CPU.Build.0 = Release|Any CPU
		{260F9A65-2125-447C-A24E-B5EADF588F1D}.Debug|Any CPU.ActiveCfg = Debug|Any CPU
		{260F9A65-2125-447C-A24E-B5EADF588F1D}.Debug|Any CPU.Build.0 = Debug|Any CPU
		{260F9A65-2125-447C-A24E-B5EADF588F1D}.Release|Any CPU.ActiveCfg = Release|Any CPU
		{260F9A65-2125-447C-A24E-B5EADF588F1D}.Release|Any CPU.Build.0 = Release|Any CPU
		{E8FF7B22-7560-49D2-9289-66EFA762215A}.Debug|Any CPU.ActiveCfg = Debug|Any CPU
		{E8FF7B22-7560-49D2-9289-66EFA762215A}.Debug|Any CPU.Build.0 = Debug|Any CPU
		{E8FF7B22-7560-49D2-9289-66EFA762215A}.Release|Any CPU.ActiveCfg = Release|Any CPU
		{E8FF7B22-7560-49D2-9289-66EFA762215A}.Release|Any CPU.Build.0 = Release|Any CPU
		{F401BE02-B487-474F-A91A-55CD6674F5F0}.Debug|Any CPU.ActiveCfg = Debug|Any CPU
		{F401BE02-B487-474F-A91A-55CD6674F5F0}.Debug|Any CPU.Build.0 = Debug|Any CPU
		{F401BE02-B487-474F-A91A-55CD6674F5F0}.Release|Any CPU.ActiveCfg = Release|Any CPU
		{F401BE02-B487-474F-A91A-55CD6674F5F0}.Release|Any CPU.Build.0 = Release|Any CPU
		{48172B09-C01A-414D-894D-63EA97955FB9}.Debug|Any CPU.ActiveCfg = Debug|Any CPU
		{48172B09-C01A-414D-894D-63EA97955FB9}.Debug|Any CPU.Build.0 = Debug|Any CPU
		{48172B09-C01A-414D-894D-63EA97955FB9}.Release|Any CPU.ActiveCfg = Release|Any CPU
		{48172B09-C01A-414D-894D-63EA97955FB9}.Release|Any CPU.Build.0 = Release|Any CPU
		{8967054C-9311-4858-AB91-D3E52F672FDC}.Debug|Any CPU.ActiveCfg = Debug|Any CPU
		{8967054C-9311-4858-AB91-D3E52F672FDC}.Debug|Any CPU.Build.0 = Debug|Any CPU
		{8967054C-9311-4858-AB91-D3E52F672FDC}.Release|Any CPU.ActiveCfg = Release|Any CPU
		{8967054C-9311-4858-AB91-D3E52F672FDC}.Release|Any CPU.Build.0 = Release|Any CPU
		{E3224D79-610B-4378-AD8C-9FD4F7FFCEAF}.Debug|Any CPU.ActiveCfg = Debug|Any CPU
		{E3224D79-610B-4378-AD8C-9FD4F7FFCEAF}.Debug|Any CPU.Build.0 = Debug|Any CPU
		{E3224D79-610B-4378-AD8C-9FD4F7FFCEAF}.Release|Any CPU.ActiveCfg = Release|Any CPU
		{E3224D79-610B-4378-AD8C-9FD4F7FFCEAF}.Release|Any CPU.Build.0 = Release|Any CPU
		{C39AF2B6-73E0-4B8A-A4E4-BBDDC0D0AE3D}.Debug|Any CPU.ActiveCfg = Debug|Any CPU
		{C39AF2B6-73E0-4B8A-A4E4-BBDDC0D0AE3D}.Debug|Any CPU.Build.0 = Debug|Any CPU
		{C39AF2B6-73E0-4B8A-A4E4-BBDDC0D0AE3D}.Release|Any CPU.ActiveCfg = Release|Any CPU
		{C39AF2B6-73E0-4B8A-A4E4-BBDDC0D0AE3D}.Release|Any CPU.Build.0 = Release|Any CPU
		{604A3BDC-2C1B-4E44-9B0E-F0F482D00A42}.Debug|Any CPU.ActiveCfg = Debug|Any CPU
		{604A3BDC-2C1B-4E44-9B0E-F0F482D00A42}.Debug|Any CPU.Build.0 = Debug|Any CPU
		{604A3BDC-2C1B-4E44-9B0E-F0F482D00A42}.Release|Any CPU.ActiveCfg = Release|Any CPU
		{604A3BDC-2C1B-4E44-9B0E-F0F482D00A42}.Release|Any CPU.Build.0 = Release|Any CPU
		{0AE288F1-02AF-40F6-ABFD-1E9F84F51EDE}.Debug|Any CPU.ActiveCfg = Debug|Any CPU
		{0AE288F1-02AF-40F6-ABFD-1E9F84F51EDE}.Debug|Any CPU.Build.0 = Debug|Any CPU
		{0AE288F1-02AF-40F6-ABFD-1E9F84F51EDE}.Release|Any CPU.ActiveCfg = Release|Any CPU
		{0AE288F1-02AF-40F6-ABFD-1E9F84F51EDE}.Release|Any CPU.Build.0 = Release|Any CPU
		{794558DC-DA68-45D1-9090-2C6E04CC4AFD}.Debug|Any CPU.ActiveCfg = Debug|Any CPU
		{794558DC-DA68-45D1-9090-2C6E04CC4AFD}.Debug|Any CPU.Build.0 = Debug|Any CPU
		{794558DC-DA68-45D1-9090-2C6E04CC4AFD}.Release|Any CPU.ActiveCfg = Release|Any CPU
		{794558DC-DA68-45D1-9090-2C6E04CC4AFD}.Release|Any CPU.Build.0 = Release|Any CPU
	EndGlobalSection
	GlobalSection(SolutionProperties) = preSolution
		HideSolutionNode = FALSE
	EndGlobalSection
	GlobalSection(ExtensibilityGlobals) = postSolution
		SolutionGuid = {F3B5EA63-A0DC-4215-8FF3-18EC40ED4C46}
	EndGlobalSection
EndGlobal
